
Microsoft Visual Studio Solution File, Format Version 12.00
# Visual Studio 14
VisualStudioVersion = 14.0.23107.0
MinimumVisualStudioVersion = 10.0.40219.1
Project("{FAE04EC0-301F-11D3-BF4B-00C04F79EFBC}") = "Task 1,methods", "Task 1,methods\Task 1,methods.csproj", "{65904684-64DC-4236-BDC8-0A0DD1B26E6C}"
EndProject
Global
	GlobalSection(SolutionConfigurationPlatforms) = preSolution
		Debug|Any CPU = Debug|Any CPU
		Release|Any CPU = Release|Any CPU
	EndGlobalSection
	GlobalSection(ProjectConfigurationPlatforms) = postSolution
		{65904684-64DC-4236-BDC8-0A0DD1B26E6C}.Debug|Any CPU.ActiveCfg = Debug|Any CPU
		{65904684-64DC-4236-BDC8-0A0DD1B26E6C}.Debug|Any CPU.Build.0 = Debug|Any CPU
		{65904684-64DC-4236-BDC8-0A0DD1B26E6C}.Release|Any CPU.ActiveCfg = Release|Any CPU
		{65904684-64DC-4236-BDC8-0A0DD1B26E6C}.Release|Any CPU.Build.0 = Release|Any CPU
	EndGlobalSection
	GlobalSection(SolutionProperties) = preSolution
		HideSolutionNode = FALSE
	EndGlobalSection
EndGlobal
